
Microsoft Visual Studio Solution File, Format Version 12.00
# Visual Studio Version 17
VisualStudioVersion = 17.8.34408.163
MinimumVisualStudioVersion = 10.0.40219.1
Project("{FAE04EC0-301F-11D3-BF4B-00C04F79EFBC}") = "StripsandTimer", "WindowsFormsApplication1\StripsandTimer.csproj", "{5EA09D25-B6CF-473D-ABB2-995B2635AC31}"
EndProject
Global
	GlobalSection(SolutionConfigurationPlatforms) = preSolution
		Debug|Any CPU = Debug|Any CPU
		Release|Any CPU = Release|Any CPU
	EndGlobalSection
	GlobalSection(ProjectConfigurationPlatforms) = postSolution
		{5EA09D25-B6CF-473D-ABB2-995B2635AC31}.Debug|Any CPU.ActiveCfg = Debug|Any CPU
		{5EA09D25-B6CF-473D-ABB2-995B2635AC31}.Debug|Any CPU.Build.0 = Debug|Any CPU
		{5EA09D25-B6CF-473D-ABB2-995B2635AC31}.Release|Any CPU.ActiveCfg = Release|Any CPU
		{5EA09D25-B6CF-473D-ABB2-995B2635AC31}.Release|Any CPU.Build.0 = Release|Any CPU
	EndGlobalSection
	GlobalSection(SolutionProperties) = preSolution
		HideSolutionNode = FALSE
	EndGlobalSection
	GlobalSection(ExtensibilityGlobals) = postSolution
		SolutionGuid = {54F3F54C-A96E-4F57-AE09-F33C6EC3388A}
	EndGlobalSection
EndGlobal
